// !$*UTF8*$!
{
	archiveVersion = 1;
	classes = {
	};
	objectVersion = 46;
	objects = {

/* Begin PBXBuildFile section */
		DE7AF64E1F25CC660095B1BA /* SISWaterfallsFlowLayout.m in Sources */ = {isa = PBXBuildFile; fileRef = DE7AF6491F25CC660095B1BA /* SISWaterfallsFlowLayout.m */; };
		DE7AF64F1F25CC660095B1BA /* SISWaterfallsFlowRectModel.m in Sources */ = {isa = PBXBuildFile; fileRef = DE7AF64B1F25CC660095B1BA /* SISWaterfallsFlowRectModel.m */; };
		DE7AF6501F25CC660095B1BA /* TestModel.m in Sources */ = {isa = PBXBuildFile; fileRef = DE7AF64D1F25CC660095B1BA /* TestModel.m */; };
		DE9D2E2A1F2302BE00DEF845 /* main.m in Sources */ = {isa = PBXBuildFile; fileRef = DE9D2E291F2302BE00DEF845 /* main.m */; };
		DE9D2E2D1F2302BE00DEF845 /* AppDelegate.m in Sources */ = {isa = PBXBuildFile; fileRef = DE9D2E2C1F2302BE00DEF845 /* AppDelegate.m */; };
		DE9D2E301F2302BE00DEF845 /* ViewController.m in Sources */ = {isa = PBXBuildFile; fileRef = DE9D2E2F1F2302BE00DEF845 /* ViewController.m */; };
		DE9D2E331F2302BE00DEF845 /* Main.storyboard in Resources */ = {isa = PBXBuildFile; fileRef = DE9D2E311F2302BE00DEF845 /* Main.storyboard */; };
		DE9D2E351F2302BE00DEF845 /* Assets.xcassets in Resources */ = {isa = PBXBuildFile; fileRef = DE9D2E341F2302BE00DEF845 /* Assets.xcassets */; };
		DE9D2E381F2302BE00DEF845 /* LaunchScreen.storyboard in Resources */ = {isa = PBXBuildFile; fileRef = DE9D2E361F2302BE00DEF845 /* LaunchScreen.storyboard */; };
		DE9D2E421F2302E600DEF845 /* TMMuiLazyScrollView.m in Sources */ = {isa = PBXBuildFile; fileRef = DE9D2E411F2302E600DEF845 /* TMMuiLazyScrollView.m */; };
/* End PBXBuildFile section */

/* Begin PBXFileReference section */
		DE7AF6481F25CC660095B1BA /* SISWaterfallsFlowLayout.h */ = {isa = PBXFileReference; fileEncoding = 4; lastKnownFileType = sourcecode.c.h; path = SISWaterfallsFlowLayout.h; sourceTree = "<group>"; };
		DE7AF6491F25CC660095B1BA /* SISWaterfallsFlowLayout.m */ = {isa = PBXFileReference; fileEncoding = 4; lastKnownFileType = sourcecode.c.objc; path = SISWaterfallsFlowLayout.m; sourceTree = "<group>"; };
		DE7AF64A1F25CC660095B1BA /* SISWaterfallsFlowRectModel.h */ = {isa = PBXFileReference; fileEncoding = 4; lastKnownFileType = sourcecode.c.h; path = SISWaterfallsFlowRectModel.h; sourceTree = "<group>"; };
		DE7AF64B1F25CC660095B1BA /* SISWaterfallsFlowRectModel.m */ = {isa = PBXFileReference; fileEncoding = 4; lastKnownFileType = sourcecode.c.objc; path = SISWaterfallsFlowRectModel.m; sourceTree = "<group>"; };
		DE7AF64C1F25CC660095B1BA /* TestModel.h */ = {isa = PBXFileReference; fileEncoding = 4; lastKnownFileType = sourcecode.c.h; path = TestModel.h; sourceTree = "<group>"; };
		DE7AF64D1F25CC660095B1BA /* TestModel.m */ = {isa = PBXFileReference; fileEncoding = 4; lastKnownFileType = sourcecode.c.objc; path = TestModel.m; sourceTree = "<group>"; };
		DE9D2E251F2302BE00DEF845 /* ScrollWaterfallsFlow.app */ = {isa = PBXFileReference; explicitFileType = wrapper.application; includeInIndex = 0; path = ScrollWaterfallsFlow.app; sourceTree = BUILT_PRODUCTS_DIR; };
		DE9D2E291F2302BE00DEF845 /* main.m */ = {isa = PBXFileReference; lastKnownFileType = sourcecode.c.objc; path = main.m; sourceTree = "<group>"; };
		DE9D2E2B1F2302BE00DEF845 /* AppDelegate.h */ = {isa = PBXFileReference; lastKnownFileType = sourcecode.c.h; path = AppDelegate.h; sourceTree = "<group>"; };
		DE9D2E2C1F2302BE00DEF845 /* AppDelegate.m */ = {isa = PBXFileReference; lastKnownFileType = sourcecode.c.objc; path = AppDelegate.m; sourceTree = "<group>"; };
		DE9D2E2E1F2302BE00DEF845 /* ViewController.h */ = {isa = PBXFileReference; lastKnownFileType = sourcecode.c.h; path = ViewController.h; sourceTree = "<group>"; };
		DE9D2E2F1F2302BE00DEF845 /* ViewController.m */ = {isa = PBXFileReference; lastKnownFileType = sourcecode.c.objc; path = ViewController.m; sourceTree = "<group>"; };
		DE9D2E321F2302BE00DEF845 /* Base */ = {isa = PBXFileReference; lastKnownFileType = file.storyboard; name = Base; path = Base.lproj/Main.storyboard; sourceTree = "<group>"; };
		DE9D2E341F2302BE00DEF845 /* Assets.xcassets */ = {isa = PBXFileReference; lastKnownFileType = folder.assetcatalog; path = Assets.xcassets; sourceTree = "<group>"; };
		DE9D2E371F2302BE00DEF845 /* Base */ = {isa = PBXFileReference; lastKnownFileType = file.storyboard; name = Base; path = Base.lproj/LaunchScreen.storyboard; sourceTree = "<group>"; };
		DE9D2E391F2302BE00DEF845 /* Info.plist */ = {isa = PBXFileReference; lastKnownFileType = text.plist.xml; path = Info.plist; sourceTree = "<group>"; };
		DE9D2E401F2302E600DEF845 /* TMMuiLazyScrollView.h */ = {isa = PBXFileReference; fileEncoding = 4; lastKnownFileType = sourcecode.c.h; path = TMMuiLazyScrollView.h; sourceTree = "<group>"; };
		DE9D2E411F2302E600DEF845 /* TMMuiLazyScrollView.m */ = {isa = PBXFileReference; fileEncoding = 4; lastKnownFileType = sourcecode.c.objc; path = TMMuiLazyScrollView.m; sourceTree = "<group>"; };
/* End PBXFileReference section */

/* Begin PBXFrameworksBuildPhase section */
		DE9D2E221F2302BE00DEF845 /* Frameworks */ = {
			isa = PBXFrameworksBuildPhase;
			buildActionMask = 2147483647;
			files = (
			);
			runOnlyForDeploymentPostprocessing = 0;
		};
/* End PBXFrameworksBuildPhase section */

/* Begin PBXGroup section */
		DE7AF6471F25CC660095B1BA /* SISWaterfallsFlowLayout */ = {
			isa = PBXGroup;
			children = (
				DE7AF6481F25CC660095B1BA /* SISWaterfallsFlowLayout.h */,
				DE7AF6491F25CC660095B1BA /* SISWaterfallsFlowLayout.m */,
				DE7AF64A1F25CC660095B1BA /* SISWaterfallsFlowRectModel.h */,
				DE7AF64B1F25CC660095B1BA /* SISWaterfallsFlowRectModel.m */,
				DE7AF64C1F25CC660095B1BA /* TestModel.h */,
				DE7AF64D1F25CC660095B1BA /* TestModel.m */,
			);
			path = SISWaterfallsFlowLayout;
			sourceTree = "<group>";
		};
		DE9D2E1C1F2302BE00DEF845 = {
			isa = PBXGroup;
			children = (
				DE9D2E271F2302BE00DEF845 /* ScrollWaterfallsFlow */,
				DE9D2E261F2302BE00DEF845 /* Products */,
			);
			sourceTree = "<group>";
		};
		DE9D2E261F2302BE00DEF845 /* Products */ = {
			isa = PBXGroup;
			children = (
				DE9D2E251F2302BE00DEF845 /* ScrollWaterfallsFlow.app */,
			);
			name = Products;
			sourceTree = "<group>";
		};
		DE9D2E271F2302BE00DEF845 /* ScrollWaterfallsFlow */ = {
			isa = PBXGroup;
			children = (
				DE7AF6471F25CC660095B1BA /* SISWaterfallsFlowLayout */,
				DE9D2E3F1F2302E600DEF845 /* LazyScrollView */,
				DE9D2E2B1F2302BE00DEF845 /* AppDelegate.h */,
				DE9D2E2C1F2302BE00DEF845 /* AppDelegate.m */,
				DE9D2E2E1F2302BE00DEF845 /* ViewController.h */,
				DE9D2E2F1F2302BE00DEF845 /* ViewController.m */,
				DE9D2E311F2302BE00DEF845 /* Main.storyboard */,
				DE9D2E341F2302BE00DEF845 /* Assets.xcassets */,
				DE9D2E361F2302BE00DEF845 /* LaunchScreen.storyboard */,
				DE9D2E391F2302BE00DEF845 /* Info.plist */,
				DE9D2E281F2302BE00DEF845 /* Supporting Files */,
			);
			path = ScrollWaterfallsFlow;
			sourceTree = "<group>";
		};
		DE9D2E281F2302BE00DEF845 /* Supporting Files */ = {
			isa = PBXGroup;
			children = (
				DE9D2E291F2302BE00DEF845 /* main.m */,
			);
			name = "Supporting Files";
			sourceTree = "<group>";
		};
		DE9D2E3F1F2302E600DEF845 /* LazyScrollView */ = {
			isa = PBXGroup;
			children = (
				DE9D2E401F2302E600DEF845 /* TMMuiLazyScrollView.h */,
				DE9D2E411F2302E600DEF845 /* TMMuiLazyScrollView.m */,
			);
			path = LazyScrollView;
			sourceTree = "<group>";
		};
/* End PBXGroup section */

/* Begin PBXNativeTarget section */
		DE9D2E241F2302BE00DEF845 /* ScrollWaterfallsFlow */ = {
			isa = PBXNativeTarget;
			buildConfigurationList = DE9D2E3C1F2302BE00DEF845 /* Build configuration list for PBXNativeTarget "ScrollWaterfallsFlow" */;
			buildPhases = (
				DE9D2E211F2302BE00DEF845 /* Sources */,
				DE9D2E221F2302BE00DEF845 /* Frameworks */,
				DE9D2E231F2302BE00DEF845 /* Resources */,
			);
			buildRules = (
			);
			dependencies = (
			);
			name = ScrollWaterfallsFlow;
			productName = ScrollWaterfallsFlow;
			productReference = DE9D2E251F2302BE00DEF845 /* ScrollWaterfallsFlow.app */;
			productType = "com.apple.product-type.application";
		};
/* End PBXNativeTarget section */

/* Begin PBXProject section */
		DE9D2E1D1F2302BE00DEF845 /* Project object */ = {
			isa = PBXProject;
			attributes = {
				LastUpgradeCheck = 0830;
				ORGANIZATIONNAME = Destiny;
				TargetAttributes = {
					DE9D2E241F2302BE00DEF845 = {
						CreatedOnToolsVersion = 8.3.3;
						ProvisioningStyle = Automatic;
					};
				};
			};
			buildConfigurationList = DE9D2E201F2302BE00DEF845 /* Build configuration list for PBXProject "ScrollWaterfallsFlow" */;
			compatibilityVersion = "Xcode 3.2";
			developmentRegion = English;
			hasScannedForEncodings = 0;
			knownRegions = (
				en,
				Base,
			);
			mainGroup = DE9D2E1C1F2302BE00DEF845;
			productRefGroup = DE9D2E261F2302BE00DEF845 /* Products */;
			projectDirPath = "";
			projectRoot = "";
			targets = (
				DE9D2E241F2302BE00DEF845 /* ScrollWaterfallsFlow */,
			);
		};
/* End PBXProject section */

/* Begin PBXResourcesBuildPhase section */
		DE9D2E231F2302BE00DEF845 /* Resources */ = {
			isa = PBXResourcesBuildPhase;
			buildActionMask = 2147483647;
			files = (
				DE9D2E381F2302BE00DEF845 /* LaunchScreen.storyboard in Resources */,
				DE9D2E351F2302BE00DEF845 /* Assets.xcassets in Resources */,
				DE9D2E331F2302BE00DEF845 /* Main.storyboard in Resources */,
			);
			runOnlyForDeploymentPostprocessing = 0;
		};
/* End PBXResourcesBuildPhase section */

/* Begin PBXSourcesBuildPhase section */
		DE9D2E211F2302BE00DEF845 /* Sources */ = {
			isa = PBXSourcesBuildPhase;
			buildActionMask = 2147483647;
			files = (
				DE7AF64F1F25CC660095B1BA /* SISWaterfallsFlowRectModel.m in Sources */,
				DE7AF64E1F25CC660095B1BA /* SISWaterfallsFlowLayout.m in Sources */,
				DE9D2E301F2302BE00DEF845 /* ViewController.m in Sources */,
				DE9D2E2D1F2302BE00DEF845 /* AppDelegate.m in Sources */,
				DE9D2E421F2302E600DEF845 /* TMMuiLazyScrollView.m in Sources */,
				DE7AF6501F25CC660095B1BA /* TestModel.m in Sources */,
				DE9D2E2A1F2302BE00DEF845 /* main.m in Sources */,
			);
			runOnlyForDeploymentPostprocessing = 0;
		};
/* End PBXSourcesBuildPhase section */

/* Begin PBXVariantGroup section */
		DE9D2E311F2302BE00DEF845 /* Main.storyboard */ = {
			isa = PBXVariantGroup;
			children = (
				DE9D2E321F2302BE00DEF845 /* Base */,
			);
			name = Main.storyboard;
			sourceTree = "<group>";
		};
		DE9D2E361F2302BE00DEF845 /* LaunchScreen.storyboard */ = {
			isa = PBXVariantGroup;
			children = (
				DE9D2E371F2302BE00DEF845 /* Base */,
			);
			name = LaunchScreen.storyboard;
			sourceTree = "<group>";
		};
/* End PBXVariantGroup section */

/* Begin XCBuildConfiguration section */
		DE9D2E3A1F2302BE00DEF845 /* Debug */ = {
			isa = XCBuildConfiguration;
			buildSettings = {
				ALWAYS_SEARCH_USER_PATHS = NO;
				CLANG_ANALYZER_NONNULL = YES;
				CLANG_ANALYZER_NUMBER_OBJECT_CONVERSION = YES_AGGRESSIVE;
				CLANG_CXX_LANGUAGE_STANDARD = "gnu++0x";
				CLANG_CXX_LIBRARY = "libc++";
				CLANG_ENABLE_MODULES = YES;
				CLANG_ENABLE_OBJC_ARC = YES;
				CLANG_WARN_BOOL_CONVERSION = YES;
				CLANG_WARN_CONSTANT_CONVERSION = YES;
				CLANG_WARN_DIRECT_OBJC_ISA_USAGE = YES_ERROR;
				CLANG_WARN_DOCUMENTATION_COMMENTS = YES;
				CLANG_WARN_EMPTY_BODY = YES;
				CLANG_WARN_ENUM_CONVERSION = YES;
				CLANG_WARN_INFINITE_RECURSION = YES;
				CLANG_WARN_INT_CONVERSION = YES;
				CLANG_WARN_OBJC_ROOT_CLASS = YES_ERROR;
				CLANG_WARN_SUSPICIOUS_MOVE = YES;
				CLANG_WARN_UNREACHABLE_CODE = YES;
				CLANG_WARN__DUPLICATE_METHOD_MATCH = YES;
				"CODE_SIGN_IDENTITY[sdk=iphoneos*]" = "iPhone Developer";
				COPY_PHASE_STRIP = NO;
				DEBUG_INFORMATION_FORMAT = dwarf;
				ENABLE_STRICT_OBJC_MSGSEND = YES;
				ENABLE_TESTABILITY = YES;
				GCC_C_LANGUAGE_STANDARD = gnu99;
				GCC_DYNAMIC_NO_PIC = NO;
				GCC_NO_COMMON_BLOCKS = YES;
				GCC_OPTIMIZATION_LEVEL = 0;
				GCC_PREPROCESSOR_DEFINITIONS = (
					"DEBUG=1",
					"$(inherited)",
				);
				GCC_WARN_64_TO_32_BIT_CONVERSION = YES;
				GCC_WARN_ABOUT_RETURN_TYPE = YES_ERROR;
				GCC_WARN_UNDECLARED_SELECTOR = YES;
				GCC_WARN_UNINITIALIZED_AUTOS = YES_AGGRESSIVE;
				GCC_WARN_UNUSED_FUNCTION = YES;
				GCC_WARN_UNUSED_VARIABLE = YES;
				IPHONEOS_DEPLOYMENT_TARGET = 10.3;
				MTL_ENABLE_DEBUG_INFO = YES;
				ONLY_ACTIVE_ARCH = YES;
				SDKROOT = iphoneos;
			};
			name = Debug;
		};
		DE9D2E3B1F2302BE00DEF845 /* Release */ = {
			isa = XCBuildConfiguration;
			buildSettings = {
				ALWAYS_SEARCH_USER_PATHS = NO;
				CLANG_ANALYZER_NONNULL = YES;
				CLANG_ANALYZER_NUMBER_OBJECT_CONVERSION = YES_AGGRESSIVE;
				CLANG_CXX_LANGUAGE_STANDARD = "gnu++0x";
				CLANG_CXX_LIBRARY = "libc++";
				CLANG_ENABLE_MODULES = YES;
				CLANG_ENABLE_OBJC_ARC = YES;
				CLANG_WARN_BOOL_CONVERSION = YES;
				CLANG_WARN_CONSTANT_CONVERSION = YES;
				CLANG_WARN_DIRECT_OBJC_ISA_USAGE = YES_ERROR;
				CLANG_WARN_DOCUMENTATION_COMMENTS = YES;
				CLANG_WARN_EMPTY_BODY = YES;
				CLANG_WARN_ENUM_CONVERSION = YES;
				CLANG_WARN_INFINITE_RECURSION = YES;
				CLANG_WARN_INT_CONVERSION = YES;
				CLANG_WARN_OBJC_ROOT_CLASS = YES_ERROR;
				CLANG_WARN_SUSPICIOUS_MOVE = YES;
				CLANG_WARN_UNREACHABLE_CODE = YES;
				CLANG_WARN__DUPLICATE_METHOD_MATCH = YES;
				"CODE_SIGN_IDENTITY[sdk=iphoneos*]" = "iPhone Developer";
				COPY_PHASE_STRIP = NO;
				DEBUG_INFORMATION_FORMAT = "dwarf-with-dsym";
				ENABLE_NS_ASSERTIONS = NO;
				ENABLE_STRICT_OBJC_MSGSEND = YES;
				GCC_C_LANGUAGE_STANDARD = gnu99;
				GCC_NO_COMMON_BLOCKS = YES;
				GCC_WARN_64_TO_32_BIT_CONVERSION = YES;
				GCC_WARN_ABOUT_RETURN_TYPE = YES_ERROR;
				GCC_WARN_UNDECLARED_SELECTOR = YES;
				GCC_WARN_UNINITIALIZED_AUTOS = YES_AGGRESSIVE;
				GCC_WARN_UNUSED_FUNCTION = YES;
				GCC_WARN_UNUSED_VARIABLE = YES;
				IPHONEOS_DEPLOYMENT_TARGET = 10.3;
				MTL_ENABLE_DEBUG_INFO = NO;
				SDKROOT = iphoneos;
				VALIDATE_PRODUCT = YES;
			};
			name = Release;
		};
		DE9D2E3D1F2302BE00DEF845 /* Debug */ = {
			isa = XCBuildConfiguration;
			buildSettings = {
				ASSETCATALOG_COMPILER_APPICON_NAME = AppIcon;
				INFOPLIST_FILE = ScrollWaterfallsFlow/Info.plist;
				LD_RUNPATH_SEARCH_PATHS = "$(inherited) @executable_path/Frameworks";
				PRODUCT_BUNDLE_IDENTIFIER = sis.ScrollWaterfallsFlow;
				PRODUCT_NAME = "$(TARGET_NAME)";
			};
			name = Debug;
		};
		DE9D2E3E1F2302BE00DEF845 /* Release */ = {
			isa = XCBuildConfiguration;
			buildSettings = {
				ASSETCATALOG_COMPILER_APPICON_NAME = AppIcon;
				INFOPLIST_FILE = ScrollWaterfallsFlow/Info.plist;
				LD_RUNPATH_SEARCH_PATHS = "$(inherited) @executable_path/Frameworks";
				PRODUCT_BUNDLE_IDENTIFIER = sis.ScrollWaterfallsFlow;
				PRODUCT_NAME = "$(TARGET_NAME)";
			};
			name = Release;
		};
/* End XCBuildConfiguration section */

/* Begin XCConfigurationList section */
		DE9D2E201F2302BE00DEF845 /* Build configuration list for PBXProject "ScrollWaterfallsFlow" */ = {
			isa = XCConfigurationList;
			buildConfigurations = (
				DE9D2E3A1F2302BE00DEF845 /* Debug */,
				DE9D2E3B1F2302BE00DEF845 /* Release */,
			);
			defaultConfigurationIsVisible = 0;
			defaultConfigurationName = Release;
		};
		DE9D2E3C1F2302BE00DEF845 /* Build configuration list for PBXNativeTarget "ScrollWaterfallsFlow" */ = {
			isa = XCConfigurationList;
			buildConfigurations = (
				DE9D2E3D1F2302BE00DEF845 /* Debug */,
				DE9D2E3E1F2302BE00DEF845 /* Release */,
			);
			defaultConfigurationIsVisible = 0;
			defaultConfigurationName = Release;
		};
/* End XCConfigurationList section */
	};
	rootObject = DE9D2E1D1F2302BE00DEF845 /* Project object */;
}
